dependencies:
- name: postgresql
  repository: oci://registry-1.docker.io/bitnamicharts
  version: 18.8.12
- name: rustfs
  repository: https://charts.rustfs.com
  version: 1.0.0-rc.3
- name: loki
  repository: oci://ghcr.io/grafana-community/helm-charts
  version: 18.11.0
digest: sha256:7b6abb30587ef18703f019300769a691283815c903b04e8f23ed9a1cc4a272d6
generated: "2026-08-22T09:04:04.498723115Z"
