dependencies:
- name: postgresql
  repository: oci://registry-1.docker.io/bitnamicharts
  version: 18.11.3
- name: rustfs
  repository: https://charts.rustfs.com
  version: 1.0.0-rc.6
- name: loki
  repository: oci://ghcr.io/grafana-community/helm-charts
  version: 18.13.1
digest: sha256:114defc2f0882bcaf43adf1e8d8730946da4493df946307204ac939458458dda
generated: "2026-09-16T01:06:23.784313829Z"
